
Microsoft Visual Studio Solution File, Format Version 12.00
# Visual Studio 14
VisualStudioVersion = 14.0.25420.1
MinimumVisualStudioVersion = 10.0.40219.1
Project("{FAE04EC0-301F-11D3-BF4B-00C04F79EFBC}") = "LEAP.Apps.Workbench", "LEAP.Apps.ReadViewerDesktop\LEAP.Apps.Workbench.csproj", "{550AF447-B087-4B8F-B5A2-D801159328F4}"
	ProjectSection(ProjectDependencies) = postProject
		{09D5117B-5365-43A4-A4D1-DF3E3E12398F} = {09D5117B-5365-43A4-A4D1-DF3E3E12398F}
	EndProjectSection
EndProject
Project("{FAE04EC0-301F-11D3-BF4B-00C04F79EFBC}") = "LEAP.Apps.Workbench.Core", "LEAP.Apps.ReadViewerDesktop.Core\LEAP.Apps.Workbench.Core.csproj", "{F1DF08FB-7FE1-4E6A-84C9-6F6BBE08D4F5}"
EndProject
Project("{2150E333-8FDC-42A3-9474-1A3956D46DE8}") = "Plugins", "Plugins", "{BDC572D3-05AC-4420-B977-80F9ED2FDF6E}"
EndProject
Project("{FAE04EC0-301F-11D3-BF4B-00C04F79EFBC}") = "LEAP.Apps.Workbench.Plugins.ImageViewerExample", "LEAP.Apps.Workbench.Plugins.ImageViewerExample\LEAP.Apps.Workbench.Plugins.ImageViewerExample.csproj", "{09D5117B-5365-43A4-A4D1-DF3E3E12398F}"
EndProject
Global
	GlobalSection(SolutionConfigurationPlatforms) = preSolution
		Debug|Any CPU = Debug|Any CPU
		Release|Any CPU = Release|Any CPU
	EndGlobalSection
	GlobalSection(ProjectConfigurationPlatforms) = postSolution
		{550AF447-B087-4B8F-B5A2-D801159328F4}.Debug|Any CPU.ActiveCfg = Debug|Any CPU
		{550AF447-B087-4B8F-B5A2-D801159328F4}.Debug|Any CPU.Build.0 = Debug|Any CPU
		{550AF447-B087-4B8F-B5A2-D801159328F4}.Release|Any CPU.ActiveCfg = Release|Any CPU
		{550AF447-B087-4B8F-B5A2-D801159328F4}.Release|Any CPU.Build.0 = Release|Any CPU
		{F1DF08FB-7FE1-4E6A-84C9-6F6BBE08D4F5}.Debug|Any CPU.ActiveCfg = Debug|Any CPU
		{F1DF08FB-7FE1-4E6A-84C9-6F6BBE08D4F5}.Debug|Any CPU.Build.0 = Debug|Any CPU
		{F1DF08FB-7FE1-4E6A-84C9-6F6BBE08D4F5}.Release|Any CPU.ActiveCfg = Release|Any CPU
		{F1DF08FB-7FE1-4E6A-84C9-6F6BBE08D4F5}.Release|Any CPU.Build.0 = Release|Any CPU
		{09D5117B-5365-43A4-A4D1-DF3E3E12398F}.Debug|Any CPU.ActiveCfg = Debug|Any CPU
		{09D5117B-5365-43A4-A4D1-DF3E3E12398F}.Debug|Any CPU.Build.0 = Debug|Any CPU
		{09D5117B-5365-43A4-A4D1-DF3E3E12398F}.Release|Any CPU.ActiveCfg = Release|Any CPU
		{09D5117B-5365-43A4-A4D1-DF3E3E12398F}.Release|Any CPU.Build.0 = Release|Any CPU
	EndGlobalSection
	GlobalSection(SolutionProperties) = preSolution
		HideSolutionNode = FALSE
	EndGlobalSection
	GlobalSection(NestedProjects) = preSolution
		{09D5117B-5365-43A4-A4D1-DF3E3E12398F} = {BDC572D3-05AC-4420-B977-80F9ED2FDF6E}
	EndGlobalSection
EndGlobal
